
Microsoft Visual Studio Solution File, Format Version 12.00
# Visual Studio Version 16
VisualStudioVersion = 16.0.30204.135
MinimumVisualStudioVersion = 10.0.40219.1
Project("{FAE04EC0-301F-11D3-BF4B-00C04F79EFBC}") = "CScreen", "CScreen.csproj", "{474F4E52-13F1-4A05-B792-AD282F02DF9C}"
EndProject
Project("{FAE04EC0-301F-11D3-BF4B-00C04F79EFBC}") = "CScreenService", "..\CScreenService\CScreenService.csproj", "{6F669DD1-8EE3-40D1-A96E-A394EFCDB13F}"
EndProject
Global
	GlobalSection(SolutionConfigurationPlatforms) = preSolution
		Debug|Any CPU = Debug|Any CPU
		Release|Any CPU = Release|Any CPU
	EndGlobalSection
	GlobalSection(ProjectConfigurationPlatforms) = postSolution
		{474F4E52-13F1-4A05-B792-AD282F02DF9C}.Debug|Any CPU.ActiveCfg = Debug|Any CPU
		{474F4E52-13F1-4A05-B792-AD282F02DF9C}.Debug|Any CPU.Build.0 = Debug|Any CPU
		{474F4E52-13F1-4A05-B792-AD282F02DF9C}.Release|Any CPU.ActiveCfg = Release|Any CPU
		{474F4E52-13F1-4A05-B792-AD282F02DF9C}.Release|Any CPU.Build.0 = Release|Any CPU
		{6F669DD1-8EE3-40D1-A96E-A394EFCDB13F}.Debug|Any CPU.ActiveCfg = Debug|Any CPU
		{6F669DD1-8EE3-40D1-A96E-A394EFCDB13F}.Debug|Any CPU.Build.0 = Debug|Any CPU
		{6F669DD1-8EE3-40D1-A96E-A394EFCDB13F}.Release|Any CPU.ActiveCfg = Release|Any CPU
		{6F669DD1-8EE3-40D1-A96E-A394EFCDB13F}.Release|Any CPU.Build.0 = Release|Any CPU
	EndGlobalSection
	GlobalSection(SolutionProperties) = preSolution
		HideSolutionNode = FALSE
	EndGlobalSection
	GlobalSection(ExtensibilityGlobals) = postSolution
		SolutionGuid = {D6D65E18-56FF-4297-8304-052B9B34932A}
	EndGlobalSection
EndGlobal
